
Microsoft Visual Studio Solution File, Format Version 12.00
# Visual Studio Version 17
VisualStudioVersion = 17.5.33502.453
MinimumVisualStudioVersion = 10.0.40219.1
Project("{FAE04EC0-301F-11D3-BF4B-00C04F79EFBC}") = "Lab1", "Lab1\Lab1.csproj", "{CEB8B771-E325-4807-860A-9072200A9D63}"
EndProject
Global
	GlobalSection(SolutionConfigurationPlatforms) = preSolution
		Debug|Any CPU = Debug|Any CPU
		Release|Any CPU = Release|Any CPU
	EndGlobalSection
	GlobalSection(ProjectConfigurationPlatforms) = postSolution
		{CEB8B771-E325-4807-860A-9072200A9D63}.Debug|Any CPU.ActiveCfg = Debug|Any CPU
		{CEB8B771-E325-4807-860A-9072200A9D63}.Debug|Any CPU.Build.0 = Debug|Any CPU
		{CEB8B771-E325-4807-860A-9072200A9D63}.Release|Any CPU.ActiveCfg = Release|Any CPU
		{CEB8B771-E325-4807-860A-9072200A9D63}.Release|Any CPU.Build.0 = Release|Any CPU
	EndGlobalSection
	GlobalSection(SolutionProperties) = preSolution
		HideSolutionNode = FALSE
	EndGlobalSection
	GlobalSection(ExtensibilityGlobals) = postSolution
		SolutionGuid = {D2A7A370-BBDE-402A-B084-7606C9E08619}
	EndGlobalSection
EndGlobal
